<Solution>
  <Folder Name="/backend/" />
  <Folder Name="/backend/src/">
    <Project Path="backend/src/GerenciadorFinanceiro.Api/GerenciadorFinanceiro.Api.csproj" />
  </Folder>
  <Folder Name="/backend/tests/">
    <Project Path="backend/tests/GerenciadorFinanceiro.Api.Tests/GerenciadorFinanceiro.Api.Tests.csproj" />
  </Folder>
</Solution>
